
Microsoft Visual Studio Solution File, Format Version 12.00
# Visual Studio Version 17
VisualStudioVersion = 17.12.35707.178
MinimumVisualStudioVersion = 10.0.40219.1
Project("{2150E333-8FDC-42A3-9474-1A3956D46DE8}") = "Services", "Services", "{CD22623E-8512-44CF-A7A6-4316BA4CA6C1}"
EndProject
Project("{2150E333-8FDC-42A3-9474-1A3956D46DE8}") = "Catalog", "Catalog", "{5C782AD7-F454-4B68-A237-87CEFF0E01B3}"
EndProject
Project("{FAE04EC0-301F-11D3-BF4B-00C04F79EFBC}") = "Catalog.API", "Services\Catalog\Catalog.API\Catalog.API.csproj", "{068851AF-C132-4DC6-B46A-9E9BDDF7F2AC}"
EndProject
Project("{2150E333-8FDC-42A3-9474-1A3956D46DE8}") = "BuildingBlocks", "BuildingBlocks", "{190F1A2D-B918-4F70-AAED-D8F36351DF6C}"
EndProject
Project("{FAE04EC0-301F-11D3-BF4B-00C04F79EFBC}") = "BuildingBlocks", "BuildingBlocks\BuildingBlocks\BuildingBlocks.csproj", "{4A04FD31-AE93-40BE-AE7D-1EA7051A3FD6}"
EndProject
Project("{E53339B2-1760-4266-BCC7-CA923CBCF16C}") = "docker-compose", "docker-compose.dcproj", "{E6BADEE3-E314-47BD-A6F9-90FEE3F46065}"
EndProject
Project("{2150E333-8FDC-42A3-9474-1A3956D46DE8}") = "Basket", "Basket", "{2E6391B2-2EDB-4095-A775-20E9D977F615}"
EndProject
Project("{FAE04EC0-301F-11D3-BF4B-00C04F79EFBC}") = "Basket.API", "Services\Basket\Basket.API\Basket.API.csproj", "{B24335F2-E511-4F7F-896D-6FD665E1284B}"
EndProject
Project("{2150E333-8FDC-42A3-9474-1A3956D46DE8}") = "Discount", "Discount", "{89AD3C42-BC51-441F-801D-55B59742C6F5}"
EndProject
Project("{FAE04EC0-301F-11D3-BF4B-00C04F79EFBC}") = "Discount.Grpc", "Services\Discount\Discount.Grpc\Discount.Grpc.csproj", "{ACFB7ABE-35F7-4300-BFA6-8878235EDA7E}"
EndProject
Project("{2150E333-8FDC-42A3-9474-1A3956D46DE8}") = "Ordering", "Ordering", "{31BC774A-BB93-46C3-B1B5-EA97EA148E8D}"
EndProject
Project("{FAE04EC0-301F-11D3-BF4B-00C04F79EFBC}") = "Ordering.API", "Services\Ordering\Ordering.API\Ordering.API.csproj", "{91FA30C1-2C8D-4B84-B2FE-BC3EDD830B86}"
EndProject
Project("{FAE04EC0-301F-11D3-BF4B-00C04F79EFBC}") = "Ordering.Domain", "Services\Ordering\Ordering.Domain\Ordering.Domain.csproj", "{A2958FA3-B400-4E0E-AB17-5A6D7619C2D0}"
EndProject
Project("{FAE04EC0-301F-11D3-BF4B-00C04F79EFBC}") = "Ordering.Application", "Services\Ordering\Ordering.Application\Ordering.Application.csproj", "{7550859E-EE3F-4607-B7F1-338E74780097}"
EndProject
Project("{FAE04EC0-301F-11D3-BF4B-00C04F79EFBC}") = "Ordering.Infrastructure", "Services\Ordering\Ordering.Infrastructure\Ordering.Infrastructure.csproj", "{13D9AD01-E7C3-4610-B4E1-FB503B9872C5}"
EndProject
Global
	GlobalSection(SolutionConfigurationPlatforms) = preSolution
		Debug|Any CPU = Debug|Any CPU
		Release|Any CPU = Release|Any CPU
	EndGlobalSection
	GlobalSection(ProjectConfigurationPlatforms) = postSolution
		{068851AF-C132-4DC6-B46A-9E9BDDF7F2AC}.Debug|Any CPU.ActiveCfg = Debug|Any CPU
		{068851AF-C132-4DC6-B46A-9E9BDDF7F2AC}.Debug|Any CPU.Build.0 = Debug|Any CPU
		{068851AF-C132-4DC6-B46A-9E9BDDF7F2AC}.Release|Any CPU.ActiveCfg = Release|Any CPU
		{068851AF-C132-4DC6-B46A-9E9BDDF7F2AC}.Release|Any CPU.Build.0 = Release|Any CPU
		{4A04FD31-AE93-40BE-AE7D-1EA7051A3FD6}.Debug|Any CPU.ActiveCfg = Debug|Any CPU
		{4A04FD31-AE93-40BE-AE7D-1EA7051A3FD6}.Debug|Any CPU.Build.0 = Debug|Any CPU
		{4A04FD31-AE93-40BE-AE7D-1EA7051A3FD6}.Release|Any CPU.ActiveCfg = Release|Any CPU
		{4A04FD31-AE93-40BE-AE7D-1EA7051A3FD6}.Release|Any CPU.Build.0 = Release|Any CPU
		{E6BADEE3-E314-47BD-A6F9-90FEE3F46065}.Debug|Any CPU.ActiveCfg = Debug|Any CPU
		{E6BADEE3-E314-47BD-A6F9-90FEE3F46065}.Debug|Any CPU.Build.0 = Debug|Any CPU
		{E6BADEE3-E314-47BD-A6F9-90FEE3F46065}.Release|Any CPU.ActiveCfg = Release|Any CPU
		{E6BADEE3-E314-47BD-A6F9-90FEE3F46065}.Release|Any CPU.Build.0 = Release|Any CPU
		{B24335F2-E511-4F7F-896D-6FD665E1284B}.Debug|Any CPU.ActiveCfg = Debug|Any CPU
		{B24335F2-E511-4F7F-896D-6FD665E1284B}.Debug|Any CPU.Build.0 = Debug|Any CPU
		{B24335F2-E511-4F7F-896D-6FD665E1284B}.Release|Any CPU.ActiveCfg = Release|Any CPU
		{B24335F2-E511-4F7F-896D-6FD665E1284B}.Release|Any CPU.Build.0 = Release|Any CPU
		{ACFB7ABE-35F7-4300-BFA6-8878235EDA7E}.Debug|Any CPU.ActiveCfg = Debug|Any CPU
		{ACFB7ABE-35F7-4300-BFA6-8878235EDA7E}.Debug|Any CPU.Build.0 = Debug|Any CPU
		{ACFB7ABE-35F7-4300-BFA6-8878235EDA7E}.Release|Any CPU.ActiveCfg = Release|Any CPU
		{ACFB7ABE-35F7-4300-BFA6-8878235EDA7E}.Release|Any CPU.Build.0 = Release|Any CPU
		{91FA30C1-2C8D-4B84-B2FE-BC3EDD830B86}.Debug|Any CPU.ActiveCfg = Debug|Any CPU
		{91FA30C1-2C8D-4B84-B2FE-BC3EDD830B86}.Debug|Any CPU.Build.0 = Debug|Any CPU
		{91FA30C1-2C8D-4B84-B2FE-BC3EDD830B86}.Release|Any CPU.ActiveCfg = Release|Any CPU
		{91FA30C1-2C8D-4B84-B2FE-BC3EDD830B86}.Release|Any CPU.Build.0 = Release|Any CPU
		{A2958FA3-B400-4E0E-AB17-5A6D7619C2D0}.Debug|Any CPU.ActiveCfg = Debug|Any CPU
		{A2958FA3-B400-4E0E-AB17-5A6D7619C2D0}.Debug|Any CPU.Build.0 = Debug|Any CPU
		{A2958FA3-B400-4E0E-AB17-5A6D7619C2D0}.Release|Any CPU.ActiveCfg = Release|Any CPU
		{A2958FA3-B400-4E0E-AB17-5A6D7619C2D0}.Release|Any CPU.Build.0 = Release|Any CPU
		{7550859E-EE3F-4607-B7F1-338E74780097}.Debug|Any CPU.ActiveCfg = Debug|Any CPU
		{7550859E-EE3F-4607-B7F1-338E74780097}.Debug|Any CPU.Build.0 = Debug|Any CPU
		{7550859E-EE3F-4607-B7F1-338E74780097}.Release|Any CPU.ActiveCfg = Release|Any CPU
		{7550859E-EE3F-4607-B7F1-338E74780097}.Release|Any CPU.Build.0 = Release|Any CPU
		{13D9AD01-E7C3-4610-B4E1-FB503B9872C5}.Debug|Any CPU.ActiveCfg = Debug|Any CPU
		{13D9AD01-E7C3-4610-B4E1-FB503B9872C5}.Debug|Any CPU.Build.0 = Debug|Any CPU
		{13D9AD01-E7C3-4610-B4E1-FB503B9872C5}.Release|Any CPU.ActiveCfg = Release|Any CPU
		{13D9AD01-E7C3-4610-B4E1-FB503B9872C5}.Release|Any CPU.Build.0 = Release|Any CPU
	EndGlobalSection
	GlobalSection(SolutionProperties) = preSolution
		HideSolutionNode = FALSE
	EndGlobalSection
	GlobalSection(NestedProjects) = preSolution
		{5C782AD7-F454-4B68-A237-87CEFF0E01B3} = {CD22623E-8512-44CF-A7A6-4316BA4CA6C1}
		{068851AF-C132-4DC6-B46A-9E9BDDF7F2AC} = {5C782AD7-F454-4B68-A237-87CEFF0E01B3}
		{4A04FD31-AE93-40BE-AE7D-1EA7051A3FD6} = {190F1A2D-B918-4F70-AAED-D8F36351DF6C}
		{2E6391B2-2EDB-4095-A775-20E9D977F615} = {CD22623E-8512-44CF-A7A6-4316BA4CA6C1}
		{B24335F2-E511-4F7F-896D-6FD665E1284B} = {2E6391B2-2EDB-4095-A775-20E9D977F615}
		{89AD3C42-BC51-441F-801D-55B59742C6F5} = {CD22623E-8512-44CF-A7A6-4316BA4CA6C1}
		{ACFB7ABE-35F7-4300-BFA6-8878235EDA7E} = {89AD3C42-BC51-441F-801D-55B59742C6F5}
		{31BC774A-BB93-46C3-B1B5-EA97EA148E8D} = {CD22623E-8512-44CF-A7A6-4316BA4CA6C1}
		{91FA30C1-2C8D-4B84-B2FE-BC3EDD830B86} = {31BC774A-BB93-46C3-B1B5-EA97EA148E8D}
		{A2958FA3-B400-4E0E-AB17-5A6D7619C2D0} = {31BC774A-BB93-46C3-B1B5-EA97EA148E8D}
		{7550859E-EE3F-4607-B7F1-338E74780097} = {31BC774A-BB93-46C3-B1B5-EA97EA148E8D}
		{13D9AD01-E7C3-4610-B4E1-FB503B9872C5} = {31BC774A-BB93-46C3-B1B5-EA97EA148E8D}
	EndGlobalSection
EndGlobal
